
Microsoft Visual Studio Solution File, Format Version 12.00
# Visual Studio Version 17
VisualStudioVersion = 17.0.31919.166
MinimumVisualStudioVersion = 10.0.40219.1
Project("{FAE04EC0-301F-11D3-BF4B-00C04F79EFBC}") = "AesCrypt", "AesCrypt\AesCrypt.csproj", "{15DFA12C-F687-4DB1-AF9C-2E434FED1913}"
EndProject
Global
	GlobalSection(SolutionConfigurationPlatforms) = preSolution
		Debug|Any CPU = Debug|Any CPU
		Release|Any CPU = Release|Any CPU
	EndGlobalSection
	GlobalSection(ProjectConfigurationPlatforms) = postSolution
		{15DFA12C-F687-4DB1-AF9C-2E434FED1913}.Debug|Any CPU.ActiveCfg = Debug|Any CPU
		{15DFA12C-F687-4DB1-AF9C-2E434FED1913}.Debug|Any CPU.Build.0 = Debug|Any CPU
		{15DFA12C-F687-4DB1-AF9C-2E434FED1913}.Release|Any CPU.ActiveCfg = Release|Any CPU
		{15DFA12C-F687-4DB1-AF9C-2E434FED1913}.Release|Any CPU.Build.0 = Release|Any CPU
	EndGlobalSection
	GlobalSection(SolutionProperties) = preSolution
		HideSolutionNode = FALSE
	EndGlobalSection
	GlobalSection(ExtensibilityGlobals) = postSolution
		SolutionGuid = {0A3B187C-3511-44AE-8572-70148EDB9F11}
	EndGlobalSection
EndGlobal
